// !$*UTF8*$!
{
	archiveVersion = 1;
	classes = {
	};
	objectVersion = 51;
	objects = {

/* Begin PBXBuildFile section */
		044ACAB1254BCC4A00DD8AD6 /* GoogleService-Info.plist in Resources */ = {isa = PBXBuildFile; fileRef = 044ACAB0254BCC4A00DD8AD6 /* GoogleService-Info.plist */; };
		044ACAD9254BCEFA00DD8AD6 /* Storyboarded.swift in Sources */ = {isa = PBXBuildFile; fileRef = 044ACAD8254BCEFA00DD8AD6 /* Storyboarded.swift */; };
		044ACB0A254BD06F00DD8AD6 /* BaseNavigation.swift in Sources */ = {isa = PBXBuildFile; fileRef = 044ACB09254BD06F00DD8AD6 /* BaseNavigation.swift */; };
		044ACB0F254BD9E700DD8AD6 /* MyWallpaperCell.swift in Sources */ = {isa = PBXBuildFile; fileRef = 044ACB0D254BD9E700DD8AD6 /* MyWallpaperCell.swift */; };
		044ACB10254BD9E700DD8AD6 /* MyWallpaperCell.xib in Resources */ = {isa = PBXBuildFile; fileRef = 044ACB0E254BD9E700DD8AD6 /* MyWallpaperCell.xib */; };
		04F38680254BF00000EE7EE0 /* 6.mp4 in Resources */ = {isa = PBXBuildFile; fileRef = 04F38678254BEFFE00EE7EE0 /* 6.mp4 */; };
		04F38681254BF00000EE7EE0 /* 8.mp4 in Resources */ = {isa = PBXBuildFile; fileRef = 04F38679254BEFFE00EE7EE0 /* 8.mp4 */; };
		04F38682254BF00000EE7EE0 /* 5.mp4 in Resources */ = {isa = PBXBuildFile; fileRef = 04F3867A254BEFFE00EE7EE0 /* 5.mp4 */; };
		04F38683254BF00000EE7EE0 /* 1.mp4 in Resources */ = {isa = PBXBuildFile; fileRef = 04F3867B254BEFFF00EE7EE0 /* 1.mp4 */; };
		04F38684254BF00000EE7EE0 /* 7.mp4 in Resources */ = {isa = PBXBuildFile; fileRef = 04F3867C254BEFFF00EE7EE0 /* 7.mp4 */; };
		04F38685254BF00000EE7EE0 /* 3.mp4 in Resources */ = {isa = PBXBuildFile; fileRef = 04F3867D254BEFFF00EE7EE0 /* 3.mp4 */; };
		04F38686254BF00000EE7EE0 /* 4.mp4 in Resources */ = {isa = PBXBuildFile; fileRef = 04F3867E254BEFFF00EE7EE0 /* 4.mp4 */; };
		04F38687254BF00000EE7EE0 /* 2.mp4 in Resources */ = {isa = PBXBuildFile; fileRef = 04F3867F254BF00000EE7EE0 /* 2.mp4 */; };
		04F3868A254BFAA100EE7EE0 /* AVMutableComposition+Ext.swift in Sources */ = {isa = PBXBuildFile; fileRef = 04F38689254BFAA100EE7EE0 /* AVMutableComposition+Ext.swift */; };
		04F3868E254C225100EE7EE0 /* PlayerView.swift in Sources */ = {isa = PBXBuildFile; fileRef = 04F3868D254C225100EE7EE0 /* PlayerView.swift */; };
		04F38693254C276B00EE7EE0 /* UIView+Ext.swift in Sources */ = {isa = PBXBuildFile; fileRef = 04F38692254C276B00EE7EE0 /* UIView+Ext.swift */; };
		04F38696254C286200EE7EE0 /* UIBezierPath+Ext.swift in Sources */ = {isa = PBXBuildFile; fileRef = 04F38695254C286200EE7EE0 /* UIBezierPath+Ext.swift */; };
		04F386AD254C381500EE7EE0 /* UITextView+Ext.swift in Sources */ = {isa = PBXBuildFile; fileRef = 04F386AC254C381500EE7EE0 /* UITextView+Ext.swift */; };
		04F386C7254E675600EE7EE0 /* RealmDao.swift in Sources */ = {isa = PBXBuildFile; fileRef = 04F386C6254E675600EE7EE0 /* RealmDao.swift */; };
		04F386CA254E676000EE7EE0 /* AmongUsDao.swift in Sources */ = {isa = PBXBuildFile; fileRef = 04F386C9254E676000EE7EE0 /* AmongUsDao.swift */; };
		0F499FEA5433AA52D5964A1A /* Pods_AmongUsWallpaper.framework in Frameworks */ = {isa = PBXBuildFile; fileRef = 9A6F38BCFB6A544D3B00B921 /* Pods_AmongUsWallpaper.framework */; };
		8749249E254B3C6000FDCECA /* VideoEditor.swift in Sources */ = {isa = PBXBuildFile; fileRef = 8749249D254B3C6000FDCECA /* VideoEditor.swift */; };
		879A065E254DB48C008C9F07 /* backgroundCell.swift in Sources */ = {isa = PBXBuildFile; fileRef = 879A065C254DB48C008C9F07 /* backgroundCell.swift */; };
		879A065F254DB48C008C9F07 /* backgroundCell.xib in Resources */ = {isa = PBXBuildFile; fileRef = 879A065D254DB48C008C9F07 /* backgroundCell.xib */; };
		879A0664254DC53B008C9F07 /* LivePhoto.swift in Sources */ = {isa = PBXBuildFile; fileRef = 879A0663254DC53B008C9F07 /* LivePhoto.swift */; };
		879A0667254DCF07008C9F07 /* 8.pdf in Resources */ = {isa = PBXBuildFile; fileRef = 879A0666254DCF07008C9F07 /* 8.pdf */; };
		87A98D42254D777300ADC9E2 /* fontStyleCell.swift in Sources */ = {isa = PBXBuildFile; fileRef = 87A98D40254D777300ADC9E2 /* fontStyleCell.swift */; };
		87A98D43254D777300ADC9E2 /* fontStyleCell.xib in Resources */ = {isa = PBXBuildFile; fileRef = 87A98D41254D777300ADC9E2 /* fontStyleCell.xib */; };
		87A98D47254D778C00ADC9E2 /* fontColorCell.swift in Sources */ = {isa = PBXBuildFile; fileRef = 87A98D45254D778C00ADC9E2 /* fontColorCell.swift */; };
		87A98D48254D778C00ADC9E2 /* fontColorCell.xib in Resources */ = {isa = PBXBuildFile; fileRef = 87A98D46254D778C00ADC9E2 /* fontColorCell.xib */; };
		BB70EDA325494AC200520E6E /* AppDelegate.swift in Sources */ = {isa = PBXBuildFile; fileRef = BB70EDA225494AC200520E6E /* AppDelegate.swift */; };
		BB70EDAC25494AC200520E6E /* Assets.xcassets in Resources */ = {isa = PBXBuildFile; fileRef = BB70EDAB25494AC200520E6E /* Assets.xcassets */; };
		BB70EDAF25494AC200520E6E /* LaunchScreen.storyboard in Resources */ = {isa = PBXBuildFile; fileRef = BB70EDAD25494AC200520E6E /* LaunchScreen.storyboard */; };
		BB70EDBC254950A800520E6E /* AmongUsMain.storyboard in Resources */ = {isa = PBXBuildFile; fileRef = BB70EDBB254950A800520E6E /* AmongUsMain.storyboard */; };
		BB70EDC2254950EE00520E6E /* AmongUsMainVC.swift in Sources */ = {isa = PBXBuildFile; fileRef = BB70EDC1254950EE00520E6E /* AmongUsMainVC.swift */; };
		BB70EDC92549637B00520E6E /* Home.storyboard in Resources */ = {isa = PBXBuildFile; fileRef = BB70EDC82549637B00520E6E /* Home.storyboard */; };
		BB70EDCC2549639500520E6E /* HomeVC.swift in Sources */ = {isa = PBXBuildFile; fileRef = BB70EDCB2549639500520E6E /* HomeVC.swift */; };
		BB70EDD6254971C200520E6E /* Discover.storyboard in Resources */ = {isa = PBXBuildFile; fileRef = BB70EDD5254971C200520E6E /* Discover.storyboard */; };
		BB70EDD9254971E300520E6E /* DiscoverVC.swift in Sources */ = {isa = PBXBuildFile; fileRef = BB70EDD8254971E300520E6E /* DiscoverVC.swift */; };
		BB70EDDC2549720500520E6E /* MyWallpaper.storyboard in Resources */ = {isa = PBXBuildFile; fileRef = BB70EDDB2549720500520E6E /* MyWallpaper.storyboard */; };
		BB70EDDF2549721700520E6E /* MyWallpaperVC.swift in Sources */ = {isa = PBXBuildFile; fileRef = BB70EDDE2549721700520E6E /* MyWallpaperVC.swift */; };
		BB70EDE22549724400520E6E /* SettingVC.swift in Sources */ = {isa = PBXBuildFile; fileRef = BB70EDE12549724400520E6E /* SettingVC.swift */; };
		BB70EDE52549725200520E6E /* Setting.storyboard in Resources */ = {isa = PBXBuildFile; fileRef = BB70EDE42549725200520E6E /* Setting.storyboard */; };
		DA249BDE254B45BE00CCD5FA /* SettingCell.swift in Sources */ = {isa = PBXBuildFile; fileRef = DA249BDC254B45BE00CCD5FA /* SettingCell.swift */; };
		DA249BDF254B45BE00CCD5FA /* SettingCell.xib in Resources */ = {isa = PBXBuildFile; fileRef = DA249BDD254B45BE00CCD5FA /* SettingCell.xib */; };
		DA249BE2254B470800CCD5FA /* UICollectionView+Ext.swift in Sources */ = {isa = PBXBuildFile; fileRef = DA249BE1254B470800CCD5FA /* UICollectionView+Ext.swift */; };
		DA3C3352254C747D000CB8DB /* Preview.storyboard in Resources */ = {isa = PBXBuildFile; fileRef = DA3C3351254C747D000CB8DB /* Preview.storyboard */; };
		DA3C3355254C7497000CB8DB /* PreviewVC.swift in Sources */ = {isa = PBXBuildFile; fileRef = DA3C3354254C7497000CB8DB /* PreviewVC.swift */; };
		FC36D090254A6C3C00CC0726 /* DiscoverCell.swift in Sources */ = {isa = PBXBuildFile; fileRef = FC36D08E254A6C3C00CC0726 /* DiscoverCell.swift */; };
		FC36D091254A6C3C00CC0726 /* DiscoverCell.xib in Resources */ = {isa = PBXBuildFile; fileRef = FC36D08F254A6C3C00CC0726 /* DiscoverCell.xib */; };
		FC36D094254A6E1D00CC0726 /* PushVC.swift in Sources */ = {isa = PBXBuildFile; fileRef = FC36D093254A6E1D00CC0726 /* PushVC.swift */; };
		FC36D096254A74D300CC0726 /* RoundView.swift in Sources */ = {isa = PBXBuildFile; fileRef = FC36D095254A74D300CC0726 /* RoundView.swift */; };
		FC36D098254A78F400CC0726 /* Extension.swift in Sources */ = {isa = PBXBuildFile; fileRef = FC36D097254A78F400CC0726 /* Extension.swift */; };
		FC763CE6254AD6EB00ECF9E8 /* IconCell.swift in Sources */ = {isa = PBXBuildFile; fileRef = FC763CE4254AD6EB00ECF9E8 /* IconCell.swift */; };
		FC763CE7254AD6EB00ECF9E8 /* IconCell.xib in Resources */ = {isa = PBXBuildFile; fileRef = FC763CE5254AD6EB00ECF9E8 /* IconCell.xib */; };
/* End PBXBuildFile section */

/* Begin PBXFileReference section */
		044ACAB0254BCC4A00DD8AD6 /* GoogleService-Info.plist */ = {isa = PBXFileReference; fileEncoding = 4; lastKnownFileType = text.plist.xml; path = "GoogleService-Info.plist"; sourceTree = "<group>"; };
		044ACAD8254BCEFA00DD8AD6 /* Storyboarded.swift */ = {isa = PBXFileReference; lastKnownFileType = sourcecode.swift; path = Storyboarded.swift; sourceTree = "<group>"; };
		044ACB09254BD06F00DD8AD6 /* BaseNavigation.swift */ = {isa = PBXFileReference; lastKnownFileType = sourcecode.swift; path = BaseNavigation.swift; sourceTree = "<group>"; };
		044ACB0D254BD9E700DD8AD6 /* MyWallpaperCell.swift */ = {isa = PBXFileReference; lastKnownFileType = sourcecode.swift; path = MyWallpaperCell.swift; sourceTree = "<group>"; };
		044ACB0E254BD9E700DD8AD6 /* MyWallpaperCell.xib */ = {isa = PBXFileReference; lastKnownFileType = file.xib; path = MyWallpaperCell.xib; sourceTree = "<group>"; };
		04F38678254BEFFE00EE7EE0 /* 6.mp4 */ = {isa = PBXFileReference; lastKnownFileType = file; path = 6.mp4; sourceTree = "<group>"; };
		04F38679254BEFFE00EE7EE0 /* 8.mp4 */ = {isa = PBXFileReference; lastKnownFileType = file; path = 8.mp4; sourceTree = "<group>"; };
		04F3867A254BEFFE00EE7EE0 /* 5.mp4 */ = {isa = PBXFileReference; lastKnownFileType = file; path = 5.mp4; sourceTree = "<group>"; };
		04F3867B254BEFFF00EE7EE0 /* 1.mp4 */ = {isa = PBXFileReference; lastKnownFileType = file; path = 1.mp4; sourceTree = "<group>"; };
		04F3867C254BEFFF00EE7EE0 /* 7.mp4 */ = {isa = PBXFileReference; lastKnownFileType = file; path = 7.mp4; sourceTree = "<group>"; };
		04F3867D254BEFFF00EE7EE0 /* 3.mp4 */ = {isa = PBXFileReference; lastKnownFileType = file; path = 3.mp4; sourceTree = "<group>"; };
		04F3867E254BEFFF00EE7EE0 /* 4.mp4 */ = {isa = PBXFileReference; lastKnownFileType = file; path = 4.mp4; sourceTree = "<group>"; };
		04F3867F254BF00000EE7EE0 /* 2.mp4 */ = {isa = PBXFileReference; lastKnownFileType = file; path = 2.mp4; sourceTree = "<group>"; };
		04F38689254BFAA100EE7EE0 /* AVMutableComposition+Ext.swift */ = {isa = PBXFileReference; lastKnownFileType = sourcecode.swift; path = "AVMutableComposition+Ext.swift"; sourceTree = "<group>"; };
		04F3868D254C225100EE7EE0 /* PlayerView.swift */ = {isa = PBXFileReference; lastKnownFileType = sourcecode.swift; path = PlayerView.swift; sourceTree = "<group>"; };
		04F38692254C276B00EE7EE0 /* UIView+Ext.swift */ = {isa = PBXFileReference; lastKnownFileType = sourcecode.swift; path = "UIView+Ext.swift"; sourceTree = "<group>"; };
		04F38695254C286200EE7EE0 /* UIBezierPath+Ext.swift */ = {isa = PBXFileReference; lastKnownFileType = sourcecode.swift; path = "UIBezierPath+Ext.swift"; sourceTree = "<group>"; };
		04F386AC254C381500EE7EE0 /* UITextView+Ext.swift */ = {isa = PBXFileReference; lastKnownFileType = sourcecode.swift; path = "UITextView+Ext.swift"; sourceTree = "<group>"; };
		04F386C6254E675600EE7EE0 /* RealmDao.swift */ = {isa = PBXFileReference; lastKnownFileType = sourcecode.swift; path = RealmDao.swift; sourceTree = "<group>"; };
		04F386C9254E676000EE7EE0 /* AmongUsDao.swift */ = {isa = PBXFileReference; lastKnownFileType = sourcecode.swift; path = AmongUsDao.swift; sourceTree = "<group>"; };
		8749249D254B3C6000FDCECA /* VideoEditor.swift */ = {isa = PBXFileReference; fileEncoding = 4; lastKnownFileType = sourcecode.swift; path = VideoEditor.swift; sourceTree = "<group>"; };
		879A065C254DB48C008C9F07 /* backgroundCell.swift */ = {isa = PBXFileReference; lastKnownFileType = sourcecode.swift; path = backgroundCell.swift; sourceTree = "<group>"; };
		879A065D254DB48C008C9F07 /* backgroundCell.xib */ = {isa = PBXFileReference; lastKnownFileType = file.xib; path = backgroundCell.xib; sourceTree = "<group>"; };
		879A0663254DC53B008C9F07 /* LivePhoto.swift */ = {isa = PBXFileReference; fileEncoding = 4; lastKnownFileType = sourcecode.swift; path = LivePhoto.swift; sourceTree = "<group>"; };
		879A0666254DCF07008C9F07 /* 8.pdf */ = {isa = PBXFileReference; lastKnownFileType = image.pdf; path = 8.pdf; sourceTree = "<group>"; };
		87A98D40254D777300ADC9E2 /* fontStyleCell.swift */ = {isa = PBXFileReference; lastKnownFileType = sourcecode.swift; path = fontStyleCell.swift; sourceTree = "<group>"; };
		87A98D41254D777300ADC9E2 /* fontStyleCell.xib */ = {isa = PBXFileReference; lastKnownFileType = file.xib; path = fontStyleCell.xib; sourceTree = "<group>"; };
		87A98D45254D778C00ADC9E2 /* fontColorCell.swift */ = {isa = PBXFileReference; lastKnownFileType = sourcecode.swift; path = fontColorCell.swift; sourceTree = "<group>"; };
		87A98D46254D778C00ADC9E2 /* fontColorCell.xib */ = {isa = PBXFileReference; lastKnownFileType = file.xib; path = fontColorCell.xib; sourceTree = "<group>"; };
		932D0EE6C2CCED89BAA48D90 /* Pods-AmongUsWallpaper.debug.xcconfig */ = {isa = PBXFileReference; includeInIndex = 1; lastKnownFileType = text.xcconfig; name = "Pods-AmongUsWallpaper.debug.xcconfig"; path = "Target Support Files/Pods-AmongUsWallpaper/Pods-AmongUsWallpaper.debug.xcconfig"; sourceTree = "<group>"; };
		9A6F38BCFB6A544D3B00B921 /* Pods_AmongUsWallpaper.framework */ = {isa = PBXFileReference; explicitFileType = wrapper.framework; includeInIndex = 0; path = Pods_AmongUsWallpaper.framework; sourceTree = BUILT_PRODUCTS_DIR; };
		BB70ED9F25494AC200520E6E /* AmongUsWallpaper.app */ = {isa = PBXFileReference; explicitFileType = wrapper.application; includeInIndex = 0; path = AmongUsWallpaper.app; sourceTree = BUILT_PRODUCTS_DIR; };
		BB70EDA225494AC200520E6E /* AppDelegate.swift */ = {isa = PBXFileReference; lastKnownFileType = sourcecode.swift; path = AppDelegate.swift; sourceTree = "<group>"; };
		BB70EDAB25494AC200520E6E /* Assets.xcassets */ = {isa = PBXFileReference; lastKnownFileType = folder.assetcatalog; path = Assets.xcassets; sourceTree = "<group>"; };
		BB70EDAE25494AC200520E6E /* Base */ = {isa = PBXFileReference; lastKnownFileType = file.storyboard; name = Base; path = Base.lproj/LaunchScreen.storyboard; sourceTree = "<group>"; };
		BB70EDB025494AC200520E6E /* Info.plist */ = {isa = PBXFileReference; lastKnownFileType = text.plist.xml; path = Info.plist; sourceTree = "<group>"; };
		BB70EDBB254950A800520E6E /* AmongUsMain.storyboard */ = {isa = PBXFileReference; lastKnownFileType = file.storyboard; path = AmongUsMain.storyboard; sourceTree = "<group>"; };
		BB70EDC1254950EE00520E6E /* AmongUsMainVC.swift */ = {isa = PBXFileReference; lastKnownFileType = sourcecode.swift; path = AmongUsMainVC.swift; sourceTree = "<group>"; };
		BB70EDC82549637B00520E6E /* Home.storyboard */ = {isa = PBXFileReference; lastKnownFileType = file.storyboard; path = Home.storyboard; sourceTree = "<group>"; };
		BB70EDCB2549639500520E6E /* HomeVC.swift */ = {isa = PBXFileReference; lastKnownFileType = sourcecode.swift; path = HomeVC.swift; sourceTree = "<group>"; };
		BB70EDD5254971C200520E6E /* Discover.storyboard */ = {isa = PBXFileReference; lastKnownFileType = file.storyboard; path = Discover.storyboard; sourceTree = "<group>"; };
		BB70EDD8254971E300520E6E /* DiscoverVC.swift */ = {isa = PBXFileReference; lastKnownFileType = sourcecode.swift; path = DiscoverVC.swift; sourceTree = "<group>"; };
		BB70EDDB2549720500520E6E /* MyWallpaper.storyboard */ = {isa = PBXFileReference; lastKnownFileType = file.storyboard; path = MyWallpaper.storyboard; sourceTree = "<group>"; };
		BB70EDDE2549721700520E6E /* MyWallpaperVC.swift */ = {isa = PBXFileReference; lastKnownFileType = sourcecode.swift; path = MyWallpaperVC.swift; sourceTree = "<group>"; };
		BB70EDE12549724400520E6E /* SettingVC.swift */ = {isa = PBXFileReference; lastKnownFileType = sourcecode.swift; path = SettingVC.swift; sourceTree = "<group>"; };
		BB70EDE42549725200520E6E /* Setting.storyboard */ = {isa = PBXFileReference; lastKnownFileType = file.storyboard; path = Setting.storyboard; sourceTree = "<group>"; };
		C178CC06C556A5BE1096D671 /* Pods-AmongUsWallpaper.release.xcconfig */ = {isa = PBXFileReference; includeInIndex = 1; lastKnownFileType = text.xcconfig; name = "Pods-AmongUsWallpaper.release.xcconfig"; path = "Target Support Files/Pods-AmongUsWallpaper/Pods-AmongUsWallpaper.release.xcconfig"; sourceTree = "<group>"; };
		DA249BDC254B45BE00CCD5FA /* SettingCell.swift */ = {isa = PBXFileReference; lastKnownFileType = sourcecode.swift; path = SettingCell.swift; sourceTree = "<group>"; };
		DA249BDD254B45BE00CCD5FA /* SettingCell.xib */ = {isa = PBXFileReference; lastKnownFileType = file.xib; path = SettingCell.xib; sourceTree = "<group>"; };
		DA249BE1254B470800CCD5FA /* UICollectionView+Ext.swift */ = {isa = PBXFileReference; lastKnownFileType = sourcecode.swift; path = "UICollectionView+Ext.swift"; sourceTree = "<group>"; };
		DA3C3351254C747D000CB8DB /* Preview.storyboard */ = {isa = PBXFileReference; lastKnownFileType = file.storyboard; path = Preview.storyboard; sourceTree = "<group>"; };
		DA3C3354254C7497000CB8DB /* PreviewVC.swift */ = {isa = PBXFileReference; lastKnownFileType = sourcecode.swift; path = PreviewVC.swift; sourceTree = "<group>"; };
		FC36D08E254A6C3C00CC0726 /* DiscoverCell.swift */ = {isa = PBXFileReference; lastKnownFileType = sourcecode.swift; path = DiscoverCell.swift; sourceTree = "<group>"; };
		FC36D08F254A6C3C00CC0726 /* DiscoverCell.xib */ = {isa = PBXFileReference; lastKnownFileType = file.xib; path = DiscoverCell.xib; sourceTree = "<group>"; };
		FC36D093254A6E1D00CC0726 /* PushVC.swift */ = {isa = PBXFileReference; lastKnownFileType = sourcecode.swift; path = PushVC.swift; sourceTree = "<group>"; };
		FC36D095254A74D300CC0726 /* RoundView.swift */ = {isa = PBXFileReference; fileEncoding = 4; lastKnownFileType = sourcecode.swift; path = RoundView.swift; sourceTree = "<group>"; };
		FC36D097254A78F400CC0726 /* Extension.swift */ = {isa = PBXFileReference; lastKnownFileType = sourcecode.swift; path = Extension.swift; sourceTree = "<group>"; };
		FC763CE4254AD6EB00ECF9E8 /* IconCell.swift */ = {isa = PBXFileReference; lastKnownFileType = sourcecode.swift; path = IconCell.swift; sourceTree = "<group>"; };
		FC763CE5254AD6EB00ECF9E8 /* IconCell.xib */ = {isa = PBXFileReference; lastKnownFileType = file.xib; path = IconCell.xib; sourceTree = "<group>"; };
/* End PBXFileReference section */

/* Begin PBXFrameworksBuildPhase section */
		BB70ED9C25494AC200520E6E /* Frameworks */ = {
			isa = PBXFrameworksBuildPhase;
			buildActionMask = 2147483647;
			files = (
				0F499FEA5433AA52D5964A1A /* Pods_AmongUsWallpaper.framework in Frameworks */,
			);
			runOnlyForDeploymentPostprocessing = 0;
		};
/* End PBXFrameworksBuildPhase section */

/* Begin PBXGroup section */
		044ACB08254BD06500DD8AD6 /* Base */ = {
			isa = PBXGroup;
			children = (
				044ACB09254BD06F00DD8AD6 /* BaseNavigation.swift */,
			);
			path = Base;
			sourceTree = "<group>";
		};
		04F38677254BE8C500EE7EE0 /* VideoBackground */ = {
			isa = PBXGroup;
			children = (
				879A0666254DCF07008C9F07 /* 8.pdf */,
				04F3867B254BEFFF00EE7EE0 /* 1.mp4 */,
				04F3867F254BF00000EE7EE0 /* 2.mp4 */,
				04F3867D254BEFFF00EE7EE0 /* 3.mp4 */,
				04F3867E254BEFFF00EE7EE0 /* 4.mp4 */,
				04F3867A254BEFFE00EE7EE0 /* 5.mp4 */,
				04F38678254BEFFE00EE7EE0 /* 6.mp4 */,
				04F3867C254BEFFF00EE7EE0 /* 7.mp4 */,
				04F38679254BEFFE00EE7EE0 /* 8.mp4 */,
			);
			path = VideoBackground;
			sourceTree = "<group>";
		};
		04F38690254C266000EE7EE0 /* Realm */ = {
			isa = PBXGroup;
			children = (
				04F386C6254E675600EE7EE0 /* RealmDao.swift */,
				04F386C9254E676000EE7EE0 /* AmongUsDao.swift */,
			);
			path = Realm;
			sourceTree = "<group>";
		};
		A2E16933802D98384EB326F2 /* Frameworks */ = {
			isa = PBXGroup;
			children = (
				9A6F38BCFB6A544D3B00B921 /* Pods_AmongUsWallpaper.framework */,
			);
			name = Frameworks;
			sourceTree = "<group>";
		};
		BB70ED9625494AC200520E6E = {
			isa = PBXGroup;
			children = (
				044ACAB0254BCC4A00DD8AD6 /* GoogleService-Info.plist */,
				BB70EDA125494AC200520E6E /* AmongUsWallpaper */,
				BB70EDA025494AC200520E6E /* Products */,
				D672F4E1CCAFFE2F340FA43B /* Pods */,
				A2E16933802D98384EB326F2 /* Frameworks */,
			);
			sourceTree = "<group>";
		};
		BB70EDA025494AC200520E6E /* Products */ = {
			isa = PBXGroup;
			children = (
				BB70ED9F25494AC200520E6E /* AmongUsWallpaper.app */,
			);
			name = Products;
			sourceTree = "<group>";
		};
		BB70EDA125494AC200520E6E /* AmongUsWallpaper */ = {
			isa = PBXGroup;
			children = (
				04F38690254C266000EE7EE0 /* Realm */,
				044ACB08254BD06500DD8AD6 /* Base */,
				BB70EDB725494D2A00520E6E /* Scene */,
				FC36D092254A6E0900CC0726 /* Utilities */,
				04F38677254BE8C500EE7EE0 /* VideoBackground */,
				DA249BDA254B2BC600CCD5FA /* Extension */,
				BB70EDA225494AC200520E6E /* AppDelegate.swift */,
				BB70EDAB25494AC200520E6E /* Assets.xcassets */,
				BB70EDAD25494AC200520E6E /* LaunchScreen.storyboard */,
				BB70EDB025494AC200520E6E /* Info.plist */,
			);
			path = AmongUsWallpaper;
			sourceTree = "<group>";
		};
		BB70EDB725494D2A00520E6E /* Scene */ = {
			isa = PBXGroup;
			children = (
				BB70EDC42549633800520E6E /* Home */,
				BB70EDBE254950B000520E6E /* Among us */,
			);
			path = Scene;
			sourceTree = "<group>";
		};
		BB70EDBE254950B000520E6E /* Among us */ = {
			isa = PBXGroup;
			children = (
				BB70EDC0254950CA00520E6E /* MainVC */,
			);
			path = "Among us";
			sourceTree = "<group>";
		};
		BB70EDC0254950CA00520E6E /* MainVC */ = {
			isa = PBXGroup;
			children = (
				FC763CE3254AD6C400ECF9E8 /* cell */,
				BB70EDBB254950A800520E6E /* AmongUsMain.storyboard */,
				BB70EDC1254950EE00520E6E /* AmongUsMainVC.swift */,
				DA3C3351254C747D000CB8DB /* Preview.storyboard */,
				DA3C3354254C7497000CB8DB /* PreviewVC.swift */,
				04F3868D254C225100EE7EE0 /* PlayerView.swift */,
			);
			path = MainVC;
			sourceTree = "<group>";
		};
		BB70EDC42549633800520E6E /* Home */ = {
			isa = PBXGroup;
			children = (
				BB70EDC82549637B00520E6E /* Home.storyboard */,
				BB70EDCB2549639500520E6E /* HomeVC.swift */,
				BB70EDD125496FF600520E6E /* Discover */,
				BB70EDD22549703100520E6E /* My Wallpaper */,
				BB70EDD32549704A00520E6E /* Setting */,
			);
			path = Home;
			sourceTree = "<group>";
		};
		BB70EDD125496FF600520E6E /* Discover */ = {
			isa = PBXGroup;
			children = (
				FC36D087254A676300CC0726 /* cell */,
				BB70EDD5254971C200520E6E /* Discover.storyboard */,
				BB70EDD8254971E300520E6E /* DiscoverVC.swift */,
			);
			path = Discover;
			sourceTree = "<group>";
		};
		BB70EDD22549703100520E6E /* My Wallpaper */ = {
			isa = PBXGroup;
			children = (
				BB70EDDB2549720500520E6E /* MyWallpaper.storyboard */,
				BB70EDDE2549721700520E6E /* MyWallpaperVC.swift */,
				044ACB0D254BD9E700DD8AD6 /* MyWallpaperCell.swift */,
				044ACB0E254BD9E700DD8AD6 /* MyWallpaperCell.xib */,
			);
			path = "My Wallpaper";
			sourceTree = "<group>";
		};
		BB70EDD32549704A00520E6E /* Setting */ = {
			isa = PBXGroup;
			children = (
				BB70EDE12549724400520E6E /* SettingVC.swift */,
				BB70EDE42549725200520E6E /* Setting.storyboard */,
				DA249BDC254B45BE00CCD5FA /* SettingCell.swift */,
				DA249BDD254B45BE00CCD5FA /* SettingCell.xib */,
			);
			path = Setting;
			sourceTree = "<group>";
		};
		D672F4E1CCAFFE2F340FA43B /* Pods */ = {
			isa = PBXGroup;
			children = (
				932D0EE6C2CCED89BAA48D90 /* Pods-AmongUsWallpaper.debug.xcconfig */,
				C178CC06C556A5BE1096D671 /* Pods-AmongUsWallpaper.release.xcconfig */,
			);
			path = Pods;
			sourceTree = "<group>";
		};
		DA249BDA254B2BC600CCD5FA /* Extension */ = {
			isa = PBXGroup;
			children = (
				DA249BE1254B470800CCD5FA /* UICollectionView+Ext.swift */,
				04F38689254BFAA100EE7EE0 /* AVMutableComposition+Ext.swift */,
				04F38692254C276B00EE7EE0 /* UIView+Ext.swift */,
				04F38695254C286200EE7EE0 /* UIBezierPath+Ext.swift */,
				04F386AC254C381500EE7EE0 /* UITextView+Ext.swift */,
			);
			path = Extension;
			sourceTree = "<group>";
		};
		FC36D087254A676300CC0726 /* cell */ = {
			isa = PBXGroup;
			children = (
				FC36D08E254A6C3C00CC0726 /* DiscoverCell.swift */,
				FC36D08F254A6C3C00CC0726 /* DiscoverCell.xib */,
			);
			path = cell;
			sourceTree = "<group>";
		};
		FC36D092254A6E0900CC0726 /* Utilities */ = {
			isa = PBXGroup;
			children = (
				879A0663254DC53B008C9F07 /* LivePhoto.swift */,
				8749249D254B3C6000FDCECA /* VideoEditor.swift */,
				FC36D095254A74D300CC0726 /* RoundView.swift */,
				FC36D093254A6E1D00CC0726 /* PushVC.swift */,
				FC36D097254A78F400CC0726 /* Extension.swift */,
				044ACAD8254BCEFA00DD8AD6 /* Storyboarded.swift */,
			);
			path = Utilities;
			sourceTree = "<group>";
		};
		FC763CE3254AD6C400ECF9E8 /* cell */ = {
			isa = PBXGroup;
			children = (
				879A065C254DB48C008C9F07 /* backgroundCell.swift */,
				879A065D254DB48C008C9F07 /* backgroundCell.xib */,
				87A98D45254D778C00ADC9E2 /* fontColorCell.swift */,
				87A98D46254D778C00ADC9E2 /* fontColorCell.xib */,
				87A98D40254D777300ADC9E2 /* fontStyleCell.swift */,
				87A98D41254D777300ADC9E2 /* fontStyleCell.xib */,
				FC763CE4254AD6EB00ECF9E8 /* IconCell.swift */,
				FC763CE5254AD6EB00ECF9E8 /* IconCell.xib */,
			);
			path = cell;
			sourceTree = "<group>";
		};
/* End PBXGroup section */

/* Begin PBXNativeTarget section */
		BB70ED9E25494AC200520E6E /* AmongUsWallpaper */ = {
			isa = PBXNativeTarget;
			buildConfigurationList = BB70EDB325494AC200520E6E /* Build configuration list for PBXNativeTarget "AmongUsWallpaper" */;
			buildPhases = (
				025583142AA0DA74147D6847 /* [CP] Check Pods Manifest.lock */,
				BB70ED9B25494AC200520E6E /* Sources */,
				BB70ED9C25494AC200520E6E /* Frameworks */,
				BB70ED9D25494AC200520E6E /* Resources */,
				8F780AF424CAF463F3527E77 /* [CP] Embed Pods Frameworks */,
			);
			buildRules = (
			);
			dependencies = (
			);
			name = AmongUsWallpaper;
			productName = AmongUsWallpaper;
			productReference = BB70ED9F25494AC200520E6E /* AmongUsWallpaper.app */;
			productType = "com.apple.product-type.application";
		};
/* End PBXNativeTarget section */

/* Begin PBXProject section */
		BB70ED9725494AC200520E6E /* Project object */ = {
			isa = PBXProject;
			attributes = {
				LastSwiftUpdateCheck = 1210;
				LastUpgradeCheck = 1210;
				TargetAttributes = {
					BB70ED9E25494AC200520E6E = {
						CreatedOnToolsVersion = 12.1;
						LastSwiftMigration = 1200;
					};
				};
			};
			buildConfigurationList = BB70ED9A25494AC200520E6E /* Build configuration list for PBXProject "AmongUsWallpaper" */;
			compatibilityVersion = "Xcode 9.3";
			developmentRegion = en;
			hasScannedForEncodings = 0;
			knownRegions = (
				en,
				Base,
			);
			mainGroup = BB70ED9625494AC200520E6E;
			productRefGroup = BB70EDA025494AC200520E6E /* Products */;
			projectDirPath = "";
			projectRoot = "";
			targets = (
				BB70ED9E25494AC200520E6E /* AmongUsWallpaper */,
			);
		};
/* End PBXProject section */

/* Begin PBXResourcesBuildPhase section */
		BB70ED9D25494AC200520E6E /* Resources */ = {
			isa = PBXResourcesBuildPhase;
			buildActionMask = 2147483647;
			files = (
				FC36D091254A6C3C00CC0726 /* DiscoverCell.xib in Resources */,
				BB70EDBC254950A800520E6E /* AmongUsMain.storyboard in Resources */,
				87A98D43254D777300ADC9E2 /* fontStyleCell.xib in Resources */,
				879A065F254DB48C008C9F07 /* backgroundCell.xib in Resources */,
				BB70EDDC2549720500520E6E /* MyWallpaper.storyboard in Resources */,
				04F38680254BF00000EE7EE0 /* 6.mp4 in Resources */,
				BB70EDE52549725200520E6E /* Setting.storyboard in Resources */,
				DA3C3352254C747D000CB8DB /* Preview.storyboard in Resources */,
				BB70EDAF25494AC200520E6E /* LaunchScreen.storyboard in Resources */,
				044ACAB1254BCC4A00DD8AD6 /* GoogleService-Info.plist in Resources */,
				04F38681254BF00000EE7EE0 /* 8.mp4 in Resources */,
				044ACB10254BD9E700DD8AD6 /* MyWallpaperCell.xib in Resources */,
				87A98D48254D778C00ADC9E2 /* fontColorCell.xib in Resources */,
				04F38685254BF00000EE7EE0 /* 3.mp4 in Resources */,
				04F38687254BF00000EE7EE0 /* 2.mp4 in Resources */,
				04F38682254BF00000EE7EE0 /* 5.mp4 in Resources */,
				BB70EDAC25494AC200520E6E /* Assets.xcassets in Resources */,
				879A0667254DCF07008C9F07 /* 8.pdf in Resources */,
				DA249BDF254B45BE00CCD5FA /* SettingCell.xib in Resources */,
				04F38683254BF00000EE7EE0 /* 1.mp4 in Resources */,
				FC763CE7254AD6EB00ECF9E8 /* IconCell.xib in Resources */,
				04F38686254BF00000EE7EE0 /* 4.mp4 in Resources */,
				BB70EDC92549637B00520E6E /* Home.storyboard in Resources */,
				04F38684254BF00000EE7EE0 /* 7.mp4 in Resources */,
				BB70EDD6254971C200520E6E /* Discover.storyboard in Resources */,
			);
			runOnlyForDeploymentPostprocessing = 0;
		};
/* End PBXResourcesBuildPhase section */

/* Begin PBXShellScriptBuildPhase section */
		025583142AA0DA74147D6847 /* [CP] Check Pods Manifest.lock */ = {
			isa = PBXShellScriptBuildPhase;
			buildActionMask = 2147483647;
			files = (
			);
			inputFileListPaths = (
			);
			inputPaths = (
				"${PODS_PODFILE_DIR_PATH}/Podfile.lock",
				"${PODS_ROOT}/Manifest.lock",
			);
			name = "[CP] Check Pods Manifest.lock";
			outputFileListPaths = (
			);
			outputPaths = (
				"$(DERIVED_FILE_DIR)/Pods-AmongUsWallpaper-checkManifestLockResult.txt",
			);
			runOnlyForDeploymentPostprocessing = 0;
			shellPath = /bin/sh;
			shellScript = "diff \"${PODS_PODFILE_DIR_PATH}/Podfile.lock\" \"${PODS_ROOT}/Manifest.lock\" > /dev/null\nif [ $? != 0 ] ; then\n    # print error to STDERR\n    echo \"error: The sandbox is not in sync with the Podfile.lock. Run 'pod install' or update your CocoaPods installation.\" >&2\n    exit 1\nfi\n# This output is used by Xcode 'outputs' to avoid re-running this script phase.\necho \"SUCCESS\" > \"${SCRIPT_OUTPUT_FILE_0}\"\n";
			showEnvVarsInLog = 0;
		};
		8F780AF424CAF463F3527E77 /* [CP] Embed Pods Frameworks */ = {
			isa = PBXShellScriptBuildPhase;
			buildActionMask = 2147483647;
			files = (
			);
			inputFileListPaths = (
				"${PODS_ROOT}/Target Support Files/Pods-AmongUsWallpaper/Pods-AmongUsWallpaper-frameworks-${CONFIGURATION}-input-files.xcfilelist",
			);
			name = "[CP] Embed Pods Frameworks";
			outputFileListPaths = (
				"${PODS_ROOT}/Target Support Files/Pods-AmongUsWallpaper/Pods-AmongUsWallpaper-frameworks-${CONFIGURATION}-output-files.xcfilelist",
			);
			runOnlyForDeploymentPostprocessing = 0;
			shellPath = /bin/sh;
			shellScript = "\"${PODS_ROOT}/Target Support Files/Pods-AmongUsWallpaper/Pods-AmongUsWallpaper-frameworks.sh\"\n";
			showEnvVarsInLog = 0;
		};
/* End PBXShellScriptBuildPhase section */

/* Begin PBXSourcesBuildPhase section */
		BB70ED9B25494AC200520E6E /* Sources */ = {
			isa = PBXSourcesBuildPhase;
			buildActionMask = 2147483647;
			files = (
				BB70EDDF2549721700520E6E /* MyWallpaperVC.swift in Sources */,
				BB70EDE22549724400520E6E /* SettingVC.swift in Sources */,
				044ACAD9254BCEFA00DD8AD6 /* Storyboarded.swift in Sources */,
				04F386CA254E676000EE7EE0 /* AmongUsDao.swift in Sources */,
				FC763CE6254AD6EB00ECF9E8 /* IconCell.swift in Sources */,
				BB70EDA325494AC200520E6E /* AppDelegate.swift in Sources */,
				879A065E254DB48C008C9F07 /* backgroundCell.swift in Sources */,
				8749249E254B3C6000FDCECA /* VideoEditor.swift in Sources */,
				87A98D47254D778C00ADC9E2 /* fontColorCell.swift in Sources */,
				BB70EDCC2549639500520E6E /* HomeVC.swift in Sources */,
				FC36D098254A78F400CC0726 /* Extension.swift in Sources */,
				FC36D090254A6C3C00CC0726 /* DiscoverCell.swift in Sources */,
				DA249BDE254B45BE00CCD5FA /* SettingCell.swift in Sources */,
				044ACB0A254BD06F00DD8AD6 /* BaseNavigation.swift in Sources */,
				FC36D094254A6E1D00CC0726 /* PushVC.swift in Sources */,
				04F38693254C276B00EE7EE0 /* UIView+Ext.swift in Sources */,
				DA249BE2254B470800CCD5FA /* UICollectionView+Ext.swift in Sources */,
				BB70EDC2254950EE00520E6E /* AmongUsMainVC.swift in Sources */,
				044ACB0F254BD9E700DD8AD6 /* MyWallpaperCell.swift in Sources */,
				BB70EDD9254971E300520E6E /* DiscoverVC.swift in Sources */,
				04F3868A254BFAA100EE7EE0 /* AVMutableComposition+Ext.swift in Sources */,
				04F3868E254C225100EE7EE0 /* PlayerView.swift in Sources */,
				04F386AD254C381500EE7EE0 /* UITextView+Ext.swift in Sources */,
				04F386C7254E675600EE7EE0 /* RealmDao.swift in Sources */,
				04F38696254C286200EE7EE0 /* UIBezierPath+Ext.swift in Sources */,
				FC36D096254A74D300CC0726 /* RoundView.swift in Sources */,
				87A98D42254D777300ADC9E2 /* fontStyleCell.swift in Sources */,
				DA3C3355254C7497000CB8DB /* PreviewVC.swift in Sources */,
				879A0664254DC53B008C9F07 /* LivePhoto.swift in Sources */,
			);
			runOnlyForDeploymentPostprocessing = 0;
		};
/* End PBXSourcesBuildPhase section */

/* Begin PBXVariantGroup section */
		BB70EDAD25494AC200520E6E /* LaunchScreen.storyboard */ = {
			isa = PBXVariantGroup;
			children = (
				BB70EDAE25494AC200520E6E /* Base */,
			);
			name = LaunchScreen.storyboard;
			sourceTree = "<group>";
		};
/* End PBXVariantGroup section */

/* Begin XCBuildConfiguration section */
		BB70EDB125494AC200520E6E /* Debug */ = {
			isa = XCBuildConfiguration;
			buildSettings = {
				ALWAYS_SEARCH_USER_PATHS = NO;
				CLANG_ANALYZER_NONNULL = YES;
				CLANG_ANALYZER_NUMBER_OBJECT_CONVERSION = YES_AGGRESSIVE;
				CLANG_CXX_LANGUAGE_STANDARD = "gnu++14";
				CLANG_CXX_LIBRARY = "libc++";
				CLANG_ENABLE_MODULES = YES;
				CLANG_ENABLE_OBJC_ARC = YES;
				CLANG_ENABLE_OBJC_WEAK = YES;
				CLANG_WARN_BLOCK_CAPTURE_AUTORELEASING = YES;
				CLANG_WARN_BOOL_CONVERSION = YES;
				CLANG_WARN_COMMA = YES;
				CLANG_WARN_CONSTANT_CONVERSION = YES;
				CLANG_WARN_DEPRECATED_OBJC_IMPLEMENTATIONS = YES;
				CLANG_WARN_DIRECT_OBJC_ISA_USAGE = YES_ERROR;
				CLANG_WARN_DOCUMENTATION_COMMENTS = YES;
				CLANG_WARN_EMPTY_BODY = YES;
				CLANG_WARN_ENUM_CONVERSION = YES;
				CLANG_WARN_INFINITE_RECURSION = YES;
				CLANG_WARN_INT_CONVERSION = YES;
				CLANG_WARN_NON_LITERAL_NULL_CONVERSION = YES;
				CLANG_WARN_OBJC_IMPLICIT_RETAIN_SELF = YES;
				CLANG_WARN_OBJC_LITERAL_CONVERSION = YES;
				CLANG_WARN_OBJC_ROOT_CLASS = YES_ERROR;
				CLANG_WARN_QUOTED_INCLUDE_IN_FRAMEWORK_HEADER = YES;
				CLANG_WARN_RANGE_LOOP_ANALYSIS = YES;
				CLANG_WARN_STRICT_PROTOTYPES = YES;
				CLANG_WARN_SUSPICIOUS_MOVE = YES;
				CLANG_WARN_UNGUARDED_AVAILABILITY = YES_AGGRESSIVE;
				CLANG_WARN_UNREACHABLE_CODE = YES;
				CLANG_WARN__DUPLICATE_METHOD_MATCH = YES;
				COPY_PHASE_STRIP = NO;
				DEBUG_INFORMATION_FORMAT = dwarf;
				ENABLE_STRICT_OBJC_MSGSEND = YES;
				ENABLE_TESTABILITY = YES;
				GCC_C_LANGUAGE_STANDARD = gnu11;
				GCC_DYNAMIC_NO_PIC = NO;
				GCC_NO_COMMON_BLOCKS = YES;
				GCC_OPTIMIZATION_LEVEL = 0;
				GCC_PREPROCESSOR_DEFINITIONS = (
					"DEBUG=1",
					"$(inherited)",
				);
				GCC_WARN_64_TO_32_BIT_CONVERSION = YES;
				GCC_WARN_ABOUT_RETURN_TYPE = YES_ERROR;
				GCC_WARN_UNDECLARED_SELECTOR = YES;
				GCC_WARN_UNINITIALIZED_AUTOS = YES_AGGRESSIVE;
				GCC_WARN_UNUSED_FUNCTION = YES;
				GCC_WARN_UNUSED_VARIABLE = YES;
				IPHONEOS_DEPLOYMENT_TARGET = 14.1;
				MTL_ENABLE_DEBUG_INFO = INCLUDE_SOURCE;
				MTL_FAST_MATH = YES;
				ONLY_ACTIVE_ARCH = YES;
				SDKROOT = iphoneos;
				SWIFT_ACTIVE_COMPILATION_CONDITIONS = DEBUG;
				SWIFT_OPTIMIZATION_LEVEL = "-Onone";
			};
			name = Debug;
		};
		BB70EDB225494AC200520E6E /* Release */ = {
			isa = XCBuildConfiguration;
			buildSettings = {
				ALWAYS_SEARCH_USER_PATHS = NO;
				CLANG_ANALYZER_NONNULL = YES;
				CLANG_ANALYZER_NUMBER_OBJECT_CONVERSION = YES_AGGRESSIVE;
				CLANG_CXX_LANGUAGE_STANDARD = "gnu++14";
				CLANG_CXX_LIBRARY = "libc++";
				CLANG_ENABLE_MODULES = YES;
				CLANG_ENABLE_OBJC_ARC = YES;
				CLANG_ENABLE_OBJC_WEAK = YES;
				CLANG_WARN_BLOCK_CAPTURE_AUTORELEASING = YES;
				CLANG_WARN_BOOL_CONVERSION = YES;
				CLANG_WARN_COMMA = YES;
				CLANG_WARN_CONSTANT_CONVERSION = YES;
				CLANG_WARN_DEPRECATED_OBJC_IMPLEMENTATIONS = YES;
				CLANG_WARN_DIRECT_OBJC_ISA_USAGE = YES_ERROR;
				CLANG_WARN_DOCUMENTATION_COMMENTS = YES;
				CLANG_WARN_EMPTY_BODY = YES;
				CLANG_WARN_ENUM_CONVERSION = YES;
				CLANG_WARN_INFINITE_RECURSION = YES;
				CLANG_WARN_INT_CONVERSION = YES;
				CLANG_WARN_NON_LITERAL_NULL_CONVERSION = YES;
				CLANG_WARN_OBJC_IMPLICIT_RETAIN_SELF = YES;
				CLANG_WARN_OBJC_LITERAL_CONVERSION = YES;
				CLANG_WARN_OBJC_ROOT_CLASS = YES_ERROR;
				CLANG_WARN_QUOTED_INCLUDE_IN_FRAMEWORK_HEADER = YES;
				CLANG_WARN_RANGE_LOOP_ANALYSIS = YES;
				CLANG_WARN_STRICT_PROTOTYPES = YES;
				CLANG_WARN_SUSPICIOUS_MOVE = YES;
				CLANG_WARN_UNGUARDED_AVAILABILITY = YES_AGGRESSIVE;
				CLANG_WARN_UNREACHABLE_CODE = YES;
				CLANG_WARN__DUPLICATE_METHOD_MATCH = YES;
				COPY_PHASE_STRIP = NO;
				DEBUG_INFORMATION_FORMAT = "dwarf-with-dsym";
				ENABLE_NS_ASSERTIONS = NO;
				ENABLE_STRICT_OBJC_MSGSEND = YES;
				GCC_C_LANGUAGE_STANDARD = gnu11;
				GCC_NO_COMMON_BLOCKS = YES;
				GCC_WARN_64_TO_32_BIT_CONVERSION = YES;
				GCC_WARN_ABOUT_RETURN_TYPE = YES_ERROR;
				GCC_WARN_UNDECLARED_SELECTOR = YES;
				GCC_WARN_UNINITIALIZED_AUTOS = YES_AGGRESSIVE;
				GCC_WARN_UNUSED_FUNCTION = YES;
				GCC_WARN_UNUSED_VARIABLE = YES;
				IPHONEOS_DEPLOYMENT_TARGET = 14.1;
				MTL_ENABLE_DEBUG_INFO = NO;
				MTL_FAST_MATH = YES;
				SDKROOT = iphoneos;
				SWIFT_COMPILATION_MODE = wholemodule;
				SWIFT_OPTIMIZATION_LEVEL = "-O";
				VALIDATE_PRODUCT = YES;
			};
			name = Release;
		};
		BB70EDB425494AC200520E6E /* Debug */ = {
			isa = XCBuildConfiguration;
			baseConfigurationReference = 932D0EE6C2CCED89BAA48D90 /* Pods-AmongUsWallpaper.debug.xcconfig */;
			buildSettings = {
				ASSETCATALOG_COMPILER_APPICON_NAME = AppIcon;
				ASSETCATALOG_COMPILER_GLOBAL_ACCENT_COLOR_NAME = AccentColor;
				CLANG_ENABLE_MODULES = YES;
				CODE_SIGN_STYLE = Automatic;
				DEVELOPMENT_TEAM = RN7Y92Z642;
				INFOPLIST_FILE = AmongUsWallpaper/Info.plist;
				IPHONEOS_DEPLOYMENT_TARGET = 12.0;
				LD_RUNPATH_SEARCH_PATHS = (
					"$(inherited)",
					"@executable_path/Frameworks",
				);
				PRODUCT_BUNDLE_IDENTIFIER = SwiftifyTeam.AmongUsWallpaper;
				PRODUCT_NAME = "$(TARGET_NAME)";
				SWIFT_OPTIMIZATION_LEVEL = "-Onone";
				SWIFT_VERSION = 5.0;
				TARGETED_DEVICE_FAMILY = 1;
			};
			name = Debug;
		};
		BB70EDB525494AC200520E6E /* Release */ = {
			isa = XCBuildConfiguration;
			baseConfigurationReference = C178CC06C556A5BE1096D671 /* Pods-AmongUsWallpaper.release.xcconfig */;
			buildSettings = {
				ASSETCATALOG_COMPILER_APPICON_NAME = AppIcon;
				ASSETCATALOG_COMPILER_GLOBAL_ACCENT_COLOR_NAME = AccentColor;
				CLANG_ENABLE_MODULES = YES;
				CODE_SIGN_STYLE = Automatic;
				DEVELOPMENT_TEAM = RN7Y92Z642;
				INFOPLIST_FILE = AmongUsWallpaper/Info.plist;
				IPHONEOS_DEPLOYMENT_TARGET = 12.0;
				LD_RUNPATH_SEARCH_PATHS = (
					"$(inherited)",
					"@executable_path/Frameworks",
				);
				PRODUCT_BUNDLE_IDENTIFIER = SwiftifyTeam.AmongUsWallpaper;
				PRODUCT_NAME = "$(TARGET_NAME)";
				SWIFT_VERSION = 5.0;
				TARGETED_DEVICE_FAMILY = 1;
			};
			name = Release;
		};
/* End XCBuildConfiguration section */

/* Begin XCConfigurationList section */
		BB70ED9A25494AC200520E6E /* Build configuration list for PBXProject "AmongUsWallpaper" */ = {
			isa = XCConfigurationList;
			buildConfigurations = (
				BB70EDB125494AC200520E6E /* Debug */,
				BB70EDB225494AC200520E6E /* Release */,
			);
			defaultConfigurationIsVisible = 0;
			defaultConfigurationName = Release;
		};
		BB70EDB325494AC200520E6E /* Build configuration list for PBXNativeTarget "AmongUsWallpaper" */ = {
			isa = XCConfigurationList;
			buildConfigurations = (
				BB70EDB425494AC200520E6E /* Debug */,
				BB70EDB525494AC200520E6E /* Release */,
			);
			defaultConfigurationIsVisible = 0;
			defaultConfigurationName = Release;
		};
/* End XCConfigurationList section */
	};
	rootObject = BB70ED9725494AC200520E6E /* Project object */;
}
